
Microsoft Visual Studio Solution File, Format Version 12.00
# Visual Studio Version 17
VisualStudioVersion = 17.9.34728.123
MinimumVisualStudioVersion = 10.0.40219.1
Project("{9A19103F-16F7-4668-BE54-9A1E7A4F7556}") = "IocDemo", "IocDemo\IocDemo.csproj", "{A8810FC6-9A24-4DB5-8F5E-D6C4C9DCF944}"
EndProject
Project("{9A19103F-16F7-4668-BE54-9A1E7A4F7556}") = "EventBusDemo", "EventBusDemo\EventBusDemo.csproj", "{BF6415A7-2E97-4626-9DBF-F47FFE3486C2}"
EndProject
Project("{9A19103F-16F7-4668-BE54-9A1E7A4F7556}") = "GenericInOut", "GenericInOut\GenericInOut.csproj", "{FFA62528-30A6-4BED-AA9E-CC4AC457D4B6}"
EndProject
Project("{9A19103F-16F7-4668-BE54-9A1E7A4F7556}") = "WebApplication1", "WebApplication1\WebApplication1.csproj", "{9D9AFC4C-D936-4B2B-8594-CD3C1F9193F8}"
EndProject
Project("{2150E333-8FDC-42A3-9474-1A3956D46DE8}") = "IOC", "IOC", "{84C64982-D466-4998-AA80-CA79EDF372F4}"
EndProject
Project("{9A19103F-16F7-4668-BE54-9A1E7A4F7556}") = "IOCDemo2-生命周期", "IOCDemo2\IOCDemo2-生命周期.csproj", "{E8505477-9868-434A-9062-EDB9FE048765}"
EndProject
Project("{9A19103F-16F7-4668-BE54-9A1E7A4F7556}") = "IOCDemo3-组件扫描", "IOCDemo3\IOCDemo3-组件扫描.csproj", "{B0A52E4A-5D7B-4FAA-AD8A-9E5F67F232DF}"
EndProject
Project("{9A19103F-16F7-4668-BE54-9A1E7A4F7556}") = "IOCDemo4-构造模式", "IOCDemo4\IOCDemo4-构造模式.csproj", "{5C853A11-92E6-41B3-8A74-A9C39A025883}"
EndProject
Project("{9A19103F-16F7-4668-BE54-9A1E7A4F7556}") = "构造者模式", "构造者模式\构造者模式.csproj", "{0EDC4AE8-B24D-4072-880F-7A2E97F8E427}"
EndProject
Project("{9A19103F-16F7-4668-BE54-9A1E7A4F7556}") = "IOCDemo5-工厂模式", "IOCDemo5\IOCDemo5-工厂模式.csproj", "{9D937E84-EBF1-4065-A2EB-9E22B61AD613}"
EndProject
Project("{9A19103F-16F7-4668-BE54-9A1E7A4F7556}") = "IOCDemo6-提供模式", "IOCDemo6\IOCDemo6-提供模式.csproj", "{5EE85239-1266-416A-997D-7E67596C573A}"
EndProject
Project("{9A19103F-16F7-4668-BE54-9A1E7A4F7556}") = "IOCDemo7-装饰者模式", "IOCDemo7\IOCDemo7-装饰者模式.csproj", "{C28A73E6-BBD9-4CC4-A2AE-464705226AF1}"
EndProject
Project("{9A19103F-16F7-4668-BE54-9A1E7A4F7556}") = "IOCDemo8-容器实现", "IOCDemo8\IOCDemo8-容器实现.csproj", "{C2720C17-25D6-4684-BDAF-A2FBE5FFBAD9}"
EndProject
Project("{2150E333-8FDC-42A3-9474-1A3956D46DE8}") = "Configuration", "Configuration", "{B87716C6-512F-494D-9134-9BE2037AE586}"
EndProject
Project("{9A19103F-16F7-4668-BE54-9A1E7A4F7556}") = "ConfigDemo1-注册配置", "ConfigDemo1\ConfigDemo1-注册配置.csproj", "{C31C596C-674D-4DA5-90E7-14DBAB7A5D65}"
EndProject
Project("{9A19103F-16F7-4668-BE54-9A1E7A4F7556}") = "ConfigDemo2-ChangeToken", "ConfigDemo2\ConfigDemo2-ChangeToken.csproj", "{1E162385-F60C-4D96-B695-A2460FB8321A}"
EndProject
Project("{9A19103F-16F7-4668-BE54-9A1E7A4F7556}") = "ConfigDemo3-监听更改", "ConfigDemo3\ConfigDemo3-监听更改.csproj", "{7A904045-F453-4418-8AEF-7BCFA1BC35B8}"
EndProject
Project("{2150E333-8FDC-42A3-9474-1A3956D46DE8}") = "Logging", "Logging", "{54453277-9E19-4D55-83D9-C929930547D6}"
EndProject
Project("{9A19103F-16F7-4668-BE54-9A1E7A4F7556}") = "LogDemo1", "LogDemo1\LogDemo1.csproj", "{FD42EBF9-45E4-45D0-928C-AE29E4B3CA08}"
EndProject
Project("{9A19103F-16F7-4668-BE54-9A1E7A4F7556}") = "LogDemo2-日志过滤", "LogDemo2\LogDemo2-日志过滤.csproj", "{8CCFD190-ED38-44D4-BF7C-97F9CDE1C91D}"
EndProject
Project("{2150E333-8FDC-42A3-9474-1A3956D46DE8}") = "Options", "Options", "{117E3622-BD0D-4320-A21E-A26FD01497C1}"
EndProject
Project("{9A19103F-16F7-4668-BE54-9A1E7A4F7556}") = "OptionDemo1-基本使用", "OptionDemo1\OptionDemo1-基本使用.csproj", "{755CACB9-C27D-46A0-BF7E-5B2EA120E592}"
EndProject
Project("{9A19103F-16F7-4668-BE54-9A1E7A4F7556}") = "OptionDemo2-配置支持", "OptionDemo2\OptionDemo2-配置支持.csproj", "{D723E557-437C-4222-B5AB-781F97046CAC}"
EndProject
Project("{9A19103F-16F7-4668-BE54-9A1E7A4F7556}") = "OptionDemo3-命名选项", "OptionDemo3\OptionDemo3-命名选项.csproj", "{EBD468CA-FA68-4886-AC49-C49F6C5ABA9A}"
EndProject
Project("{9A19103F-16F7-4668-BE54-9A1E7A4F7556}") = "OptionDemo4-DI配置", "OptionDemo4\OptionDemo4-DI配置.csproj", "{AF3B043D-2ED5-419E-A824-0B22E3288580}"
EndProject
Project("{2150E333-8FDC-42A3-9474-1A3956D46DE8}") = "AOP", "AOP", "{A1CC0A43-8696-4997-ADF2-6E224EFA300D}"
EndProject
Project("{9A19103F-16F7-4668-BE54-9A1E7A4F7556}") = "AOPDemo1-静态代理", "AOPDemo1\AOPDemo1-静态代理.csproj", "{1DDB14CB-21A8-4238-BEDC-9A36D1B5BAAA}"
EndProject
Project("{9A19103F-16F7-4668-BE54-9A1E7A4F7556}") = "AOPDemo2-链式调用", "AOPDemo2\AOPDemo2-链式调用.csproj", "{8772AA50-1307-4E47-B725-68303162D9AB}"
EndProject
Project("{FAE04EC0-301F-11D3-BF4B-00C04F79EFBC}") = "AOPDemo3-管道模式", "AOPDemo3\AOPDemo3-管道模式.csproj", "{5C7088FA-3F20-420E-9FE5-944E82115C6E}"
EndProject
Project("{FAE04EC0-301F-11D3-BF4B-00C04F79EFBC}") = "AOPDemo4-模板方法", "AOPDemo4\AOPDemo4-模板方法.csproj", "{013A0932-2731-4F3A-A6FC-E0FFCF4A1A9D}"
EndProject
Project("{FAE04EC0-301F-11D3-BF4B-00C04F79EFBC}") = "AOPDemo5-链路器模式", "AOPDemo5\AOPDemo5-链路器模式.csproj", "{10AF5D93-1356-4B5D-AEEC-86CB75D2298B}"
EndProject
Project("{FAE04EC0-301F-11D3-BF4B-00C04F79EFBC}") = "AOPDemo6-动态代理", "AOPDemo6\AOPDemo6-动态代理.csproj", "{5F7EA46B-BF9A-42CB-8AB0-03E08A423E89}"
EndProject
Project("{FAE04EC0-301F-11D3-BF4B-00C04F79EFBC}") = "AOPDemo7-手写代理", "AOPDemo7\AOPDemo7-手写代理.csproj", "{A7F5F977-6C3D-4957-AD49-8891FC49199E}"
EndProject
Project("{FAE04EC0-301F-11D3-BF4B-00C04F79EFBC}") = "AOPDemo8-手写代理2", "AOPDemo8\AOPDemo8-手写代理2.csproj", "{68D2D266-4956-433A-A712-1B1375571059}"
EndProject
Global
	GlobalSection(SolutionConfigurationPlatforms) = preSolution
		Debug|Any CPU = Debug|Any CPU
		Release|Any CPU = Release|Any CPU
	EndGlobalSection
	GlobalSection(ProjectConfigurationPlatforms) = postSolution
		{A8810FC6-9A24-4DB5-8F5E-D6C4C9DCF944}.Debug|Any CPU.ActiveCfg = Debug|Any CPU
		{A8810FC6-9A24-4DB5-8F5E-D6C4C9DCF944}.Debug|Any CPU.Build.0 = Debug|Any CPU
		{A8810FC6-9A24-4DB5-8F5E-D6C4C9DCF944}.Release|Any CPU.ActiveCfg = Release|Any CPU
		{A8810FC6-9A24-4DB5-8F5E-D6C4C9DCF944}.Release|Any CPU.Build.0 = Release|Any CPU
		{BF6415A7-2E97-4626-9DBF-F47FFE3486C2}.Debug|Any CPU.ActiveCfg = Debug|Any CPU
		{BF6415A7-2E97-4626-9DBF-F47FFE3486C2}.Debug|Any CPU.Build.0 = Debug|Any CPU
		{BF6415A7-2E97-4626-9DBF-F47FFE3486C2}.Release|Any CPU.ActiveCfg = Release|Any CPU
		{BF6415A7-2E97-4626-9DBF-F47FFE3486C2}.Release|Any CPU.Build.0 = Release|Any CPU
		{FFA62528-30A6-4BED-AA9E-CC4AC457D4B6}.Debug|Any CPU.ActiveCfg = Debug|Any CPU
		{FFA62528-30A6-4BED-AA9E-CC4AC457D4B6}.Debug|Any CPU.Build.0 = Debug|Any CPU
		{FFA62528-30A6-4BED-AA9E-CC4AC457D4B6}.Release|Any CPU.ActiveCfg = Release|Any CPU
		{FFA62528-30A6-4BED-AA9E-CC4AC457D4B6}.Release|Any CPU.Build.0 = Release|Any CPU
		{9D9AFC4C-D936-4B2B-8594-CD3C1F9193F8}.Debug|Any CPU.ActiveCfg = Debug|Any CPU
		{9D9AFC4C-D936-4B2B-8594-CD3C1F9193F8}.Debug|Any CPU.Build.0 = Debug|Any CPU
		{9D9AFC4C-D936-4B2B-8594-CD3C1F9193F8}.Release|Any CPU.ActiveCfg = Release|Any CPU
		{9D9AFC4C-D936-4B2B-8594-CD3C1F9193F8}.Release|Any CPU.Build.0 = Release|Any CPU
		{E8505477-9868-434A-9062-EDB9FE048765}.Debug|Any CPU.ActiveCfg = Debug|Any CPU
		{E8505477-9868-434A-9062-EDB9FE048765}.Debug|Any CPU.Build.0 = Debug|Any CPU
		{E8505477-9868-434A-9062-EDB9FE048765}.Release|Any CPU.ActiveCfg = Release|Any CPU
		{E8505477-9868-434A-9062-EDB9FE048765}.Release|Any CPU.Build.0 = Release|Any CPU
		{B0A52E4A-5D7B-4FAA-AD8A-9E5F67F232DF}.Debug|Any CPU.ActiveCfg = Debug|Any CPU
		{B0A52E4A-5D7B-4FAA-AD8A-9E5F67F232DF}.Debug|Any CPU.Build.0 = Debug|Any CPU
		{B0A52E4A-5D7B-4FAA-AD8A-9E5F67F232DF}.Release|Any CPU.ActiveCfg = Release|Any CPU
		{B0A52E4A-5D7B-4FAA-AD8A-9E5F67F232DF}.Release|Any CPU.Build.0 = Release|Any CPU
		{5C853A11-92E6-41B3-8A74-A9C39A025883}.Debug|Any CPU.ActiveCfg = Debug|Any CPU
		{5C853A11-92E6-41B3-8A74-A9C39A025883}.Debug|Any CPU.Build.0 = Debug|Any CPU
		{5C853A11-92E6-41B3-8A74-A9C39A025883}.Release|Any CPU.ActiveCfg = Release|Any CPU
		{5C853A11-92E6-41B3-8A74-A9C39A025883}.Release|Any CPU.Build.0 = Release|Any CPU
		{0EDC4AE8-B24D-4072-880F-7A2E97F8E427}.Debug|Any CPU.ActiveCfg = Debug|Any CPU
		{0EDC4AE8-B24D-4072-880F-7A2E97F8E427}.Debug|Any CPU.Build.0 = Debug|Any CPU
		{0EDC4AE8-B24D-4072-880F-7A2E97F8E427}.Release|Any CPU.ActiveCfg = Release|Any CPU
		{0EDC4AE8-B24D-4072-880F-7A2E97F8E427}.Release|Any CPU.Build.0 = Release|Any CPU
		{9D937E84-EBF1-4065-A2EB-9E22B61AD613}.Debug|Any CPU.ActiveCfg = Debug|Any CPU
		{9D937E84-EBF1-4065-A2EB-9E22B61AD613}.Debug|Any CPU.Build.0 = Debug|Any CPU
		{9D937E84-EBF1-4065-A2EB-9E22B61AD613}.Release|Any CPU.ActiveCfg = Release|Any CPU
		{9D937E84-EBF1-4065-A2EB-9E22B61AD613}.Release|Any CPU.Build.0 = Release|Any CPU
		{5EE85239-1266-416A-997D-7E67596C573A}.Debug|Any CPU.ActiveCfg = Debug|Any CPU
		{5EE85239-1266-416A-997D-7E67596C573A}.Debug|Any CPU.Build.0 = Debug|Any CPU
		{5EE85239-1266-416A-997D-7E67596C573A}.Release|Any CPU.ActiveCfg = Release|Any CPU
		{5EE85239-1266-416A-997D-7E67596C573A}.Release|Any CPU.Build.0 = Release|Any CPU
		{C28A73E6-BBD9-4CC4-A2AE-464705226AF1}.Debug|Any CPU.ActiveCfg = Debug|Any CPU
		{C28A73E6-BBD9-4CC4-A2AE-464705226AF1}.Debug|Any CPU.Build.0 = Debug|Any CPU
		{C28A73E6-BBD9-4CC4-A2AE-464705226AF1}.Release|Any CPU.ActiveCfg = Release|Any CPU
		{C28A73E6-BBD9-4CC4-A2AE-464705226AF1}.Release|Any CPU.Build.0 = Release|Any CPU
		{C2720C17-25D6-4684-BDAF-A2FBE5FFBAD9}.Debug|Any CPU.ActiveCfg = Debug|Any CPU
		{C2720C17-25D6-4684-BDAF-A2FBE5FFBAD9}.Debug|Any CPU.Build.0 = Debug|Any CPU
		{C2720C17-25D6-4684-BDAF-A2FBE5FFBAD9}.Release|Any CPU.ActiveCfg = Release|Any CPU
		{C2720C17-25D6-4684-BDAF-A2FBE5FFBAD9}.Release|Any CPU.Build.0 = Release|Any CPU
		{C31C596C-674D-4DA5-90E7-14DBAB7A5D65}.Debug|Any CPU.ActiveCfg = Debug|Any CPU
		{C31C596C-674D-4DA5-90E7-14DBAB7A5D65}.Debug|Any CPU.Build.0 = Debug|Any CPU
		{C31C596C-674D-4DA5-90E7-14DBAB7A5D65}.Release|Any CPU.ActiveCfg = Release|Any CPU
		{C31C596C-674D-4DA5-90E7-14DBAB7A5D65}.Release|Any CPU.Build.0 = Release|Any CPU
		{1E162385-F60C-4D96-B695-A2460FB8321A}.Debug|Any CPU.ActiveCfg = Debug|Any CPU
		{1E162385-F60C-4D96-B695-A2460FB8321A}.Debug|Any CPU.Build.0 = Debug|Any CPU
		{1E162385-F60C-4D96-B695-A2460FB8321A}.Release|Any CPU.ActiveCfg = Release|Any CPU
		{1E162385-F60C-4D96-B695-A2460FB8321A}.Release|Any CPU.Build.0 = Release|Any CPU
		{7A904045-F453-4418-8AEF-7BCFA1BC35B8}.Debug|Any CPU.ActiveCfg = Debug|Any CPU
		{7A904045-F453-4418-8AEF-7BCFA1BC35B8}.Debug|Any CPU.Build.0 = Debug|Any CPU
		{7A904045-F453-4418-8AEF-7BCFA1BC35B8}.Release|Any CPU.ActiveCfg = Release|Any CPU
		{7A904045-F453-4418-8AEF-7BCFA1BC35B8}.Release|Any CPU.Build.0 = Release|Any CPU
		{FD42EBF9-45E4-45D0-928C-AE29E4B3CA08}.Debug|Any CPU.ActiveCfg = Debug|Any CPU
		{FD42EBF9-45E4-45D0-928C-AE29E4B3CA08}.Debug|Any CPU.Build.0 = Debug|Any CPU
		{FD42EBF9-45E4-45D0-928C-AE29E4B3CA08}.Release|Any CPU.ActiveCfg = Release|Any CPU
		{FD42EBF9-45E4-45D0-928C-AE29E4B3CA08}.Release|Any CPU.Build.0 = Release|Any CPU
		{8CCFD190-ED38-44D4-BF7C-97F9CDE1C91D}.Debug|Any CPU.ActiveCfg = Debug|Any CPU
		{8CCFD190-ED38-44D4-BF7C-97F9CDE1C91D}.Debug|Any CPU.Build.0 = Debug|Any CPU
		{8CCFD190-ED38-44D4-BF7C-97F9CDE1C91D}.Release|Any CPU.ActiveCfg = Release|Any CPU
		{8CCFD190-ED38-44D4-BF7C-97F9CDE1C91D}.Release|Any CPU.Build.0 = Release|Any CPU
		{755CACB9-C27D-46A0-BF7E-5B2EA120E592}.Debug|Any CPU.ActiveCfg = Debug|Any CPU
		{755CACB9-C27D-46A0-BF7E-5B2EA120E592}.Debug|Any CPU.Build.0 = Debug|Any CPU
		{755CACB9-C27D-46A0-BF7E-5B2EA120E592}.Release|Any CPU.ActiveCfg = Release|Any CPU
		{755CACB9-C27D-46A0-BF7E-5B2EA120E592}.Release|Any CPU.Build.0 = Release|Any CPU
		{D723E557-437C-4222-B5AB-781F97046CAC}.Debug|Any CPU.ActiveCfg = Debug|Any CPU
		{D723E557-437C-4222-B5AB-781F97046CAC}.Debug|Any CPU.Build.0 = Debug|Any CPU
		{D723E557-437C-4222-B5AB-781F97046CAC}.Release|Any CPU.ActiveCfg = Release|Any CPU
		{D723E557-437C-4222-B5AB-781F97046CAC}.Release|Any CPU.Build.0 = Release|Any CPU
		{EBD468CA-FA68-4886-AC49-C49F6C5ABA9A}.Debug|Any CPU.ActiveCfg = Debug|Any CPU
		{EBD468CA-FA68-4886-AC49-C49F6C5ABA9A}.Debug|Any CPU.Build.0 = Debug|Any CPU
		{EBD468CA-FA68-4886-AC49-C49F6C5ABA9A}.Release|Any CPU.ActiveCfg = Release|Any CPU
		{EBD468CA-FA68-4886-AC49-C49F6C5ABA9A}.Release|Any CPU.Build.0 = Release|Any CPU
		{AF3B043D-2ED5-419E-A824-0B22E3288580}.Debug|Any CPU.ActiveCfg = Debug|Any CPU
		{AF3B043D-2ED5-419E-A824-0B22E3288580}.Debug|Any CPU.Build.0 = Debug|Any CPU
		{AF3B043D-2ED5-419E-A824-0B22E3288580}.Release|Any CPU.ActiveCfg = Release|Any CPU
		{AF3B043D-2ED5-419E-A824-0B22E3288580}.Release|Any CPU.Build.0 = Release|Any CPU
		{1DDB14CB-21A8-4238-BEDC-9A36D1B5BAAA}.Debug|Any CPU.ActiveCfg = Debug|Any CPU
		{1DDB14CB-21A8-4238-BEDC-9A36D1B5BAAA}.Debug|Any CPU.Build.0 = Debug|Any CPU
		{1DDB14CB-21A8-4238-BEDC-9A36D1B5BAAA}.Release|Any CPU.ActiveCfg = Release|Any CPU
		{1DDB14CB-21A8-4238-BEDC-9A36D1B5BAAA}.Release|Any CPU.Build.0 = Release|Any CPU
		{8772AA50-1307-4E47-B725-68303162D9AB}.Debug|Any CPU.ActiveCfg = Debug|Any CPU
		{8772AA50-1307-4E47-B725-68303162D9AB}.Debug|Any CPU.Build.0 = Debug|Any CPU
		{8772AA50-1307-4E47-B725-68303162D9AB}.Release|Any CPU.ActiveCfg = Release|Any CPU
		{8772AA50-1307-4E47-B725-68303162D9AB}.Release|Any CPU.Build.0 = Release|Any CPU
		{5C7088FA-3F20-420E-9FE5-944E82115C6E}.Debug|Any CPU.ActiveCfg = Debug|Any CPU
		{5C7088FA-3F20-420E-9FE5-944E82115C6E}.Debug|Any CPU.Build.0 = Debug|Any CPU
		{5C7088FA-3F20-420E-9FE5-944E82115C6E}.Release|Any CPU.ActiveCfg = Release|Any CPU
		{5C7088FA-3F20-420E-9FE5-944E82115C6E}.Release|Any CPU.Build.0 = Release|Any CPU
		{013A0932-2731-4F3A-A6FC-E0FFCF4A1A9D}.Debug|Any CPU.ActiveCfg = Debug|Any CPU
		{013A0932-2731-4F3A-A6FC-E0FFCF4A1A9D}.Debug|Any CPU.Build.0 = Debug|Any CPU
		{013A0932-2731-4F3A-A6FC-E0FFCF4A1A9D}.Release|Any CPU.ActiveCfg = Release|Any CPU
		{013A0932-2731-4F3A-A6FC-E0FFCF4A1A9D}.Release|Any CPU.Build.0 = Release|Any CPU
		{10AF5D93-1356-4B5D-AEEC-86CB75D2298B}.Debug|Any CPU.ActiveCfg = Debug|Any CPU
		{10AF5D93-1356-4B5D-AEEC-86CB75D2298B}.Debug|Any CPU.Build.0 = Debug|Any CPU
		{10AF5D93-1356-4B5D-AEEC-86CB75D2298B}.Release|Any CPU.ActiveCfg = Release|Any CPU
		{10AF5D93-1356-4B5D-AEEC-86CB75D2298B}.Release|Any CPU.Build.0 = Release|Any CPU
		{5F7EA46B-BF9A-42CB-8AB0-03E08A423E89}.Debug|Any CPU.ActiveCfg = Debug|Any CPU
		{5F7EA46B-BF9A-42CB-8AB0-03E08A423E89}.Debug|Any CPU.Build.0 = Debug|Any CPU
		{5F7EA46B-BF9A-42CB-8AB0-03E08A423E89}.Release|Any CPU.ActiveCfg = Release|Any CPU
		{5F7EA46B-BF9A-42CB-8AB0-03E08A423E89}.Release|Any CPU.Build.0 = Release|Any CPU
		{A7F5F977-6C3D-4957-AD49-8891FC49199E}.Debug|Any CPU.ActiveCfg = Debug|Any CPU
		{A7F5F977-6C3D-4957-AD49-8891FC49199E}.Debug|Any CPU.Build.0 = Debug|Any CPU
		{A7F5F977-6C3D-4957-AD49-8891FC49199E}.Release|Any CPU.ActiveCfg = Release|Any CPU
		{A7F5F977-6C3D-4957-AD49-8891FC49199E}.Release|Any CPU.Build.0 = Release|Any CPU
		{68D2D266-4956-433A-A712-1B1375571059}.Debug|Any CPU.ActiveCfg = Debug|Any CPU
		{68D2D266-4956-433A-A712-1B1375571059}.Debug|Any CPU.Build.0 = Debug|Any CPU
		{68D2D266-4956-433A-A712-1B1375571059}.Release|Any CPU.ActiveCfg = Release|Any CPU
		{68D2D266-4956-433A-A712-1B1375571059}.Release|Any CPU.Build.0 = Release|Any CPU
	EndGlobalSection
	GlobalSection(SolutionProperties) = preSolution
		HideSolutionNode = FALSE
	EndGlobalSection
	GlobalSection(NestedProjects) = preSolution
		{A8810FC6-9A24-4DB5-8F5E-D6C4C9DCF944} = {84C64982-D466-4998-AA80-CA79EDF372F4}
		{E8505477-9868-434A-9062-EDB9FE048765} = {84C64982-D466-4998-AA80-CA79EDF372F4}
		{B0A52E4A-5D7B-4FAA-AD8A-9E5F67F232DF} = {84C64982-D466-4998-AA80-CA79EDF372F4}
		{5C853A11-92E6-41B3-8A74-A9C39A025883} = {84C64982-D466-4998-AA80-CA79EDF372F4}
		{0EDC4AE8-B24D-4072-880F-7A2E97F8E427} = {84C64982-D466-4998-AA80-CA79EDF372F4}
		{9D937E84-EBF1-4065-A2EB-9E22B61AD613} = {84C64982-D466-4998-AA80-CA79EDF372F4}
		{5EE85239-1266-416A-997D-7E67596C573A} = {84C64982-D466-4998-AA80-CA79EDF372F4}
		{C28A73E6-BBD9-4CC4-A2AE-464705226AF1} = {84C64982-D466-4998-AA80-CA79EDF372F4}
		{C2720C17-25D6-4684-BDAF-A2FBE5FFBAD9} = {84C64982-D466-4998-AA80-CA79EDF372F4}
		{C31C596C-674D-4DA5-90E7-14DBAB7A5D65} = {B87716C6-512F-494D-9134-9BE2037AE586}
		{1E162385-F60C-4D96-B695-A2460FB8321A} = {B87716C6-512F-494D-9134-9BE2037AE586}
		{7A904045-F453-4418-8AEF-7BCFA1BC35B8} = {B87716C6-512F-494D-9134-9BE2037AE586}
		{FD42EBF9-45E4-45D0-928C-AE29E4B3CA08} = {54453277-9E19-4D55-83D9-C929930547D6}
		{8CCFD190-ED38-44D4-BF7C-97F9CDE1C91D} = {54453277-9E19-4D55-83D9-C929930547D6}
		{755CACB9-C27D-46A0-BF7E-5B2EA120E592} = {117E3622-BD0D-4320-A21E-A26FD01497C1}
		{D723E557-437C-4222-B5AB-781F97046CAC} = {117E3622-BD0D-4320-A21E-A26FD01497C1}
		{EBD468CA-FA68-4886-AC49-C49F6C5ABA9A} = {117E3622-BD0D-4320-A21E-A26FD01497C1}
		{AF3B043D-2ED5-419E-A824-0B22E3288580} = {117E3622-BD0D-4320-A21E-A26FD01497C1}
		{1DDB14CB-21A8-4238-BEDC-9A36D1B5BAAA} = {A1CC0A43-8696-4997-ADF2-6E224EFA300D}
		{8772AA50-1307-4E47-B725-68303162D9AB} = {A1CC0A43-8696-4997-ADF2-6E224EFA300D}
		{5C7088FA-3F20-420E-9FE5-944E82115C6E} = {A1CC0A43-8696-4997-ADF2-6E224EFA300D}
		{013A0932-2731-4F3A-A6FC-E0FFCF4A1A9D} = {A1CC0A43-8696-4997-ADF2-6E224EFA300D}
		{10AF5D93-1356-4B5D-AEEC-86CB75D2298B} = {A1CC0A43-8696-4997-ADF2-6E224EFA300D}
		{5F7EA46B-BF9A-42CB-8AB0-03E08A423E89} = {A1CC0A43-8696-4997-ADF2-6E224EFA300D}
		{A7F5F977-6C3D-4957-AD49-8891FC49199E} = {A1CC0A43-8696-4997-ADF2-6E224EFA300D}
		{68D2D266-4956-433A-A712-1B1375571059} = {A1CC0A43-8696-4997-ADF2-6E224EFA300D}
	EndGlobalSection
	GlobalSection(ExtensibilityGlobals) = postSolution
		SolutionGuid = {C69BEBF2-2ACF-4631-845B-DF6FA511642D}
	EndGlobalSection
EndGlobal
